
Microsoft Visual Studio Solution File, Format Version 12.00
# Visual Studio 14
VisualStudioVersion = 14.0.23107.0
MinimumVisualStudioVersion = 10.0.40219.1
Project("{FAE04EC0-301F-11D3-BF4B-00C04F79EFBC}") = "WordRemoteConverter", "WordRemoteConverter\WordRemoteConverter.csproj", "{042E6A9F-CA82-4AA6-9D0B-E115A35A7D9C}"
EndProject
Project("{FAE04EC0-301F-11D3-BF4B-00C04F79EFBC}") = "WordSiteConverter", "WordSiteConverter\WordSiteConverter.csproj", "{56582CE1-7757-46A3-9455-F501C0587BE8}"
EndProject
Global
	GlobalSection(SolutionConfigurationPlatforms) = preSolution
		Debug|Any CPU = Debug|Any CPU
		Release|Any CPU = Release|Any CPU
	EndGlobalSection
	GlobalSection(ProjectConfigurationPlatforms) = postSolution
		{042E6A9F-CA82-4AA6-9D0B-E115A35A7D9C}.Debug|Any CPU.ActiveCfg = Debug|Any CPU
		{042E6A9F-CA82-4AA6-9D0B-E115A35A7D9C}.Debug|Any CPU.Build.0 = Debug|Any CPU
		{042E6A9F-CA82-4AA6-9D0B-E115A35A7D9C}.Release|Any CPU.ActiveCfg = Release|Any CPU
		{042E6A9F-CA82-4AA6-9D0B-E115A35A7D9C}.Release|Any CPU.Build.0 = Release|Any CPU
		{56582CE1-7757-46A3-9455-F501C0587BE8}.Debug|Any CPU.ActiveCfg = Debug|Any CPU
		{56582CE1-7757-46A3-9455-F501C0587BE8}.Debug|Any CPU.Build.0 = Debug|Any CPU
		{56582CE1-7757-46A3-9455-F501C0587BE8}.Release|Any CPU.ActiveCfg = Release|Any CPU
		{56582CE1-7757-46A3-9455-F501C0587BE8}.Release|Any CPU.Build.0 = Release|Any CPU
	EndGlobalSection
	GlobalSection(SolutionProperties) = preSolution
		HideSolutionNode = FALSE
	EndGlobalSection
EndGlobal
